
Microsoft Visual Studio Solution File, Format Version 12.00
# Visual Studio Version 17
VisualStudioVersion = 17.0.31903.59
MinimumVisualStudioVersion = 10.0.40219.1
Project("{2150E333-8FDC-42A3-9474-1A3956D46DE8}") = "src", "src", "{827E0CD3-B72D-47B6-A68D-7590B98EB39B}"
EndProject
Project("{FAE04EC0-301F-11D3-BF4B-00C04F79EFBC}") = "AkAgent.Domain", "src\AkAgent.Domain\AkAgent.Domain.csproj", "{EFDCEBF1-FCC3-4068-AF89-8B7794EEFA73}"
EndProject
Project("{FAE04EC0-301F-11D3-BF4B-00C04F79EFBC}") = "AkAgent.Infrastructure", "src\AkAgent.Infrastructure\AkAgent.Infrastructure.csproj", "{74B0D09B-80BF-4A00-8D5E-11AE7A6D06F5}"
EndProject
Project("{FAE04EC0-301F-11D3-BF4B-00C04F79EFBC}") = "AkAgent.Api", "src\AkAgent.Api\AkAgent.Api.csproj", "{90682708-267B-403F-AC59-64385B3667CB}"
EndProject
Project("{FAE04EC0-301F-11D3-BF4B-00C04F79EFBC}") = "AkAgent.Mcp", "src\AkAgent.Mcp\AkAgent.Mcp.csproj", "{8F02B787-68FE-4752-9D2F-3A25AFE14E7F}"
EndProject
Project("{2150E333-8FDC-42A3-9474-1A3956D46DE8}") = "tests", "tests", "{0AB3BF05-4346-4AA6-1389-037BE0695223}"
EndProject
Project("{FAE04EC0-301F-11D3-BF4B-00C04F79EFBC}") = "AkAgent.Tests", "tests\AkAgent.Tests\AkAgent.Tests.csproj", "{210C67E8-5594-49E0-B0ED-6B75671A38EF}"
EndProject
Project("{FAE04EC0-301F-11D3-BF4B-00C04F79EFBC}") = "AkAgent.IntegrationTests", "tests\AkAgent.IntegrationTests\AkAgent.IntegrationTests.csproj", "{81E16E8C-4F25-44EA-84BB-984AE37CE422}"
EndProject
Global
	GlobalSection(SolutionConfigurationPlatforms) = preSolution
		Debug|Any CPU = Debug|Any CPU
		Debug|x64 = Debug|x64
		Debug|x86 = Debug|x86
		Release|Any CPU = Release|Any CPU
		Release|x64 = Release|x64
		Release|x86 = Release|x86
	EndGlobalSection
	GlobalSection(ProjectConfigurationPlatforms) = postSolution
		{EFDCEBF1-FCC3-4068-AF89-8B7794EEFA73}.Debug|Any CPU.ActiveCfg = Debug|Any CPU
		{EFDCEBF1-FCC3-4068-AF89-8B7794EEFA73}.Debug|Any CPU.Build.0 = Debug|Any CPU
		{EFDCEBF1-FCC3-4068-AF89-8B7794EEFA73}.Debug|x64.ActiveCfg = Debug|Any CPU
		{EFDCEBF1-FCC3-4068-AF89-8B7794EEFA73}.Debug|x64.Build.0 = Debug|Any CPU
		{EFDCEBF1-FCC3-4068-AF89-8B7794EEFA73}.Debug|x86.ActiveCfg = Debug|Any CPU
		{EFDCEBF1-FCC3-4068-AF89-8B7794EEFA73}.Debug|x86.Build.0 = Debug|Any CPU
		{EFDCEBF1-FCC3-4068-AF89-8B7794EEFA73}.Release|Any CPU.ActiveCfg = Release|Any CPU
		{EFDCEBF1-FCC3-4068-AF89-8B7794EEFA73}.Release|Any CPU.Build.0 = Release|Any CPU
		{EFDCEBF1-FCC3-4068-AF89-8B7794EEFA73}.Release|x64.ActiveCfg = Release|Any CPU
		{EFDCEBF1-FCC3-4068-AF89-8B7794EEFA73}.Release|x64.Build.0 = Release|Any CPU
		{EFDCEBF1-FCC3-4068-AF89-8B7794EEFA73}.Release|x86.ActiveCfg = Release|Any CPU
		{EFDCEBF1-FCC3-4068-AF89-8B7794EEFA73}.Release|x86.Build.0 = Release|Any CPU
		{74B0D09B-80BF-4A00-8D5E-11AE7A6D06F5}.Debug|Any CPU.ActiveCfg = Debug|Any CPU
		{74B0D09B-80BF-4A00-8D5E-11AE7A6D06F5}.Debug|Any CPU.Build.0 = Debug|Any CPU
		{74B0D09B-80BF-4A00-8D5E-11AE7A6D06F5}.Debug|x64.ActiveCfg = Debug|Any CPU
		{74B0D09B-80BF-4A00-8D5E-11AE7A6D06F5}.Debug|x64.Build.0 = Debug|Any CPU
		{74B0D09B-80BF-4A00-8D5E-11AE7A6D06F5}.Debug|x86.ActiveCfg = Debug|Any CPU
		{74B0D09B-80BF-4A00-8D5E-11AE7A6D06F5}.Debug|x86.Build.0 = Debug|Any CPU
		{74B0D09B-80BF-4A00-8D5E-11AE7A6D06F5}.Release|Any CPU.ActiveCfg = Release|Any CPU
		{74B0D09B-80BF-4A00-8D5E-11AE7A6D06F5}.Release|Any CPU.Build.0 = Release|Any CPU
		{74B0D09B-80BF-4A00-8D5E-11AE7A6D06F5}.Release|x64.ActiveCfg = Release|Any CPU
		{74B0D09B-80BF-4A00-8D5E-11AE7A6D06F5}.Release|x64.Build.0 = Release|Any CPU
		{74B0D09B-80BF-4A00-8D5E-11AE7A6D06F5}.Release|x86.ActiveCfg = Release|Any CPU
		{74B0D09B-80BF-4A00-8D5E-11AE7A6D06F5}.Release|x86.Build.0 = Release|Any CPU
		{90682708-267B-403F-AC59-64385B3667CB}.Debug|Any CPU.ActiveCfg = Debug|Any CPU
		{90682708-267B-403F-AC59-64385B3667CB}.Debug|Any CPU.Build.0 = Debug|Any CPU
		{90682708-267B-403F-AC59-64385B3667CB}.Debug|x64.ActiveCfg = Debug|Any CPU
		{90682708-267B-403F-AC59-64385B3667CB}.Debug|x64.Build.0 = Debug|Any CPU
		{90682708-267B-403F-AC59-64385B3667CB}.Debug|x86.ActiveCfg = Debug|Any CPU
		{90682708-267B-403F-AC59-64385B3667CB}.Debug|x86.Build.0 = Debug|Any CPU
		{90682708-267B-403F-AC59-64385B3667CB}.Release|Any CPU.ActiveCfg = Release|Any CPU
		{90682708-267B-403F-AC59-64385B3667CB}.Release|Any CPU.Build.0 = Release|Any CPU
		{90682708-267B-403F-AC59-64385B3667CB}.Release|x64.ActiveCfg = Release|Any CPU
		{90682708-267B-403F-AC59-64385B3667CB}.Release|x64.Build.0 = Release|Any CPU
		{90682708-267B-403F-AC59-64385B3667CB}.Release|x86.ActiveCfg = Release|Any CPU
		{90682708-267B-403F-AC59-64385B3667CB}.Release|x86.Build.0 = Release|Any CPU
		{8F02B787-68FE-4752-9D2F-3A25AFE14E7F}.Debug|Any CPU.ActiveCfg = Debug|Any CPU
		{8F02B787-68FE-4752-9D2F-3A25AFE14E7F}.Debug|Any CPU.Build.0 = Debug|Any CPU
		{8F02B787-68FE-4752-9D2F-3A25AFE14E7F}.Debug|x64.ActiveCfg = Debug|Any CPU
		{8F02B787-68FE-4752-9D2F-3A25AFE14E7F}.Debug|x64.Build.0 = Debug|Any CPU
		{8F02B787-68FE-4752-9D2F-3A25AFE14E7F}.Debug|x86.ActiveCfg = Debug|Any CPU
		{8F02B787-68FE-4752-9D2F-3A25AFE14E7F}.Debug|x86.Build.0 = Debug|Any CPU
		{8F02B787-68FE-4752-9D2F-3A25AFE14E7F}.Release|Any CPU.ActiveCfg = Release|Any CPU
		{8F02B787-68FE-4752-9D2F-3A25AFE14E7F}.Release|Any CPU.Build.0 = Release|Any CPU
		{8F02B787-68FE-4752-9D2F-3A25AFE14E7F}.Release|x64.ActiveCfg = Release|Any CPU
		{8F02B787-68FE-4752-9D2F-3A25AFE14E7F}.Release|x64.Build.0 = Release|Any CPU
		{8F02B787-68FE-4752-9D2F-3A25AFE14E7F}.Release|x86.ActiveCfg = Release|Any CPU
		{8F02B787-68FE-4752-9D2F-3A25AFE14E7F}.Release|x86.Build.0 = Release|Any CPU
		{210C67E8-5594-49E0-B0ED-6B75671A38EF}.Debug|Any CPU.ActiveCfg = Debug|Any CPU
		{210C67E8-5594-49E0-B0ED-6B75671A38EF}.Debug|Any CPU.Build.0 = Debug|Any CPU
		{210C67E8-5594-49E0-B0ED-6B75671A38EF}.Debug|x64.ActiveCfg = Debug|Any CPU
		{210C67E8-5594-49E0-B0ED-6B75671A38EF}.Debug|x64.Build.0 = Debug|Any CPU
		{210C67E8-5594-49E0-B0ED-6B75671A38EF}.Debug|x86.ActiveCfg = Debug|Any CPU
		{210C67E8-5594-49E0-B0ED-6B75671A38EF}.Debug|x86.Build.0 = Debug|Any CPU
		{210C67E8-5594-49E0-B0ED-6B75671A38EF}.Release|Any CPU.ActiveCfg = Release|Any CPU
		{210C67E8-5594-49E0-B0ED-6B75671A38EF}.Release|Any CPU.Build.0 = Release|Any CPU
		{210C67E8-5594-49E0-B0ED-6B75671A38EF}.Release|x64.ActiveCfg = Release|Any CPU
		{210C67E8-5594-49E0-B0ED-6B75671A38EF}.Release|x64.Build.0 = Release|Any CPU
		{210C67E8-5594-49E0-B0ED-6B75671A38EF}.Release|x86.ActiveCfg = Release|Any CPU
		{210C67E8-5594-49E0-B0ED-6B75671A38EF}.Release|x86.Build.0 = Release|Any CPU
		{81E16E8C-4F25-44EA-84BB-984AE37CE422}.Debug|Any CPU.ActiveCfg = Debug|Any CPU
		{81E16E8C-4F25-44EA-84BB-984AE37CE422}.Debug|Any CPU.Build.0 = Debug|Any CPU
		{81E16E8C-4F25-44EA-84BB-984AE37CE422}.Debug|x64.ActiveCfg = Debug|Any CPU
		{81E16E8C-4F25-44EA-84BB-984AE37CE422}.Debug|x64.Build.0 = Debug|Any CPU
		{81E16E8C-4F25-44EA-84BB-984AE37CE422}.Debug|x86.ActiveCfg = Debug|Any CPU
		{81E16E8C-4F25-44EA-84BB-984AE37CE422}.Debug|x86.Build.0 = Debug|Any CPU
		{81E16E8C-4F25-44EA-84BB-984AE37CE422}.Release|Any CPU.ActiveCfg = Release|Any CPU
		{81E16E8C-4F25-44EA-84BB-984AE37CE422}.Release|Any CPU.Build.0 = Release|Any CPU
		{81E16E8C-4F25-44EA-84BB-984AE37CE422}.Release|x64.ActiveCfg = Release|Any CPU
		{81E16E8C-4F25-44EA-84BB-984AE37CE422}.Release|x64.Build.0 = Release|Any CPU
		{81E16E8C-4F25-44EA-84BB-984AE37CE422}.Release|x86.ActiveCfg = Release|Any CPU
		{81E16E8C-4F25-44EA-84BB-984AE37CE422}.Release|x86.Build.0 = Release|Any CPU
	EndGlobalSection
	GlobalSection(SolutionProperties) = preSolution
		HideSolutionNode = FALSE
	EndGlobalSection
	GlobalSection(NestedProjects) = preSolution
		{EFDCEBF1-FCC3-4068-AF89-8B7794EEFA73} = {827E0CD3-B72D-47B6-A68D-7590B98EB39B}
		{74B0D09B-80BF-4A00-8D5E-11AE7A6D06F5} = {827E0CD3-B72D-47B6-A68D-7590B98EB39B}
		{90682708-267B-403F-AC59-64385B3667CB} = {827E0CD3-B72D-47B6-A68D-7590B98EB39B}
		{8F02B787-68FE-4752-9D2F-3A25AFE14E7F} = {827E0CD3-B72D-47B6-A68D-7590B98EB39B}
		{210C67E8-5594-49E0-B0ED-6B75671A38EF} = {0AB3BF05-4346-4AA6-1389-037BE0695223}
		{81E16E8C-4F25-44EA-84BB-984AE37CE422} = {0AB3BF05-4346-4AA6-1389-037BE0695223}
	EndGlobalSection
EndGlobal
